
Microsoft Visual Studio Solution File, Format Version 12.00
# Visual Studio Express 2012 for Web
Project("{FAE04EC0-301F-11D3-BF4B-00C04F79EFBC}") = "MySel20Proj", "MySel20Proj\MySel20Proj.csproj", "{6B97AA39-193D-44D9-B95D-D42B9D3D2B61}"
EndProject
Project("{FAE04EC0-301F-11D3-BF4B-00C04F79EFBC}") = "MySel20Proj.Test", "MySel20Proj.Test\MySel20Proj.Test.csproj", "{6FA0E9DD-F122-437D-87FB-6AB97A8E7582}"
EndProject
Global
	GlobalSection(SolutionConfigurationPlatforms) = preSolution
		Debug|Any CPU = Debug|Any CPU
		Release|Any CPU = Release|Any CPU
	EndGlobalSection
	GlobalSection(ProjectConfigurationPlatforms) = postSolution
		{6B97AA39-193D-44D9-B95D-D42B9D3D2B61}.Debug|Any CPU.ActiveCfg = Debug|Any CPU
		{6B97AA39-193D-44D9-B95D-D42B9D3D2B61}.Debug|Any CPU.Build.0 = Debug|Any CPU
		{6B97AA39-193D-44D9-B95D-D42B9D3D2B61}.Release|Any CPU.ActiveCfg = Release|Any CPU
		{6B97AA39-193D-44D9-B95D-D42B9D3D2B61}.Release|Any CPU.Build.0 = Release|Any CPU
		{6FA0E9DD-F122-437D-87FB-6AB97A8E7582}.Debug|Any CPU.ActiveCfg = Debug|Any CPU
		{6FA0E9DD-F122-437D-87FB-6AB97A8E7582}.Debug|Any CPU.Build.0 = Debug|Any CPU
		{6FA0E9DD-F122-437D-87FB-6AB97A8E7582}.Release|Any CPU.ActiveCfg = Release|Any CPU
		{6FA0E9DD-F122-437D-87FB-6AB97A8E7582}.Release|Any CPU.Build.0 = Release|Any CPU
	EndGlobalSection
	GlobalSection(SolutionProperties) = preSolution
		HideSolutionNode = FALSE
	EndGlobalSection
EndGlobal
